
Microsoft Visual Studio Solution File, Format Version 12.00
# Visual Studio 15
VisualStudioVersion = 15.0.28010.2050
MinimumVisualStudioVersion = 10.0.40219.1
Project("{FAE04EC0-301F-11D3-BF4B-00C04F79EFBC}") = "HolaMundo", "HolaMundo\HolaMundo.csproj", "{0E7618FB-DF4F-4C71-9E0A-8E6EB947EF0E}"
EndProject
Global
	GlobalSection(SolutionConfigurationPlatforms) = preSolution
		Debug|Any CPU = Debug|Any CPU
		Release|Any CPU = Release|Any CPU
	EndGlobalSection
	GlobalSection(ProjectConfigurationPlatforms) = postSolution
		{0E7618FB-DF4F-4C71-9E0A-8E6EB947EF0E}.Debug|Any CPU.ActiveCfg = Debug|Any CPU
		{0E7618FB-DF4F-4C71-9E0A-8E6EB947EF0E}.Debug|Any CPU.Build.0 = Debug|Any CPU
		{0E7618FB-DF4F-4C71-9E0A-8E6EB947EF0E}.Release|Any CPU.ActiveCfg = Release|Any CPU
		{0E7618FB-DF4F-4C71-9E0A-8E6EB947EF0E}.Release|Any CPU.Build.0 = Release|Any CPU
	EndGlobalSection
	GlobalSection(SolutionProperties) = preSolution
		HideSolutionNode = FALSE
	EndGlobalSection
	GlobalSection(ExtensibilityGlobals) = postSolution
		SolutionGuid = {DDD61F38-B284-4EF6-9425-6B32B9334DD0}
	EndGlobalSection
EndGlobal
